// !$*UTF8*$!
{
	archiveVersion = 1;
	classes = {
	};
	objectVersion = 46;
	objects = {

/* Begin PBXBuildFile section */
		08D72AFB18AA9AE0007637EA /* labelee.ttf in Resources */ = {isa = PBXBuildFile; fileRef = 08D72AFA18AA9AE0007637EA /* labelee.ttf */; };
		08D72B0618AB8563007637EA /* AdSupport.framework in Frameworks */ = {isa = PBXBuildFile; fileRef = 08D72B0518AB8563007637EA /* AdSupport.framework */; };
		08D72B0818AB8572007637EA /* CoreData.framework in Frameworks */ = {isa = PBXBuildFile; fileRef = 08D72B0718AB8572007637EA /* CoreData.framework */; };
		08D72B0A18AB8588007637EA /* SystemConfiguration.framework in Frameworks */ = {isa = PBXBuildFile; fileRef = 08D72B0918AB8588007637EA /* SystemConfiguration.framework */; };
		08D72B0C18AB859D007637EA /* libz.dylib in Frameworks */ = {isa = PBXBuildFile; fileRef = 08D72B0B18AB859D007637EA /* libz.dylib */; };
		96F38BD922F44FCA92DFEC8E /* libPods.a in Frameworks */ = {isa = PBXBuildFile; fileRef = 3AA4812409BE45CF8ABE7EC1 /* libPods.a */; };
		D0074DCB18A668EA0047890F /* LAScanViewController.m in Sources */ = {isa = PBXBuildFile; fileRef = D0074DC918A668E90047890F /* LAScanViewController.m */; };
		D0074DCC18A668EA0047890F /* LAScanViewController.xib in Resources */ = {isa = PBXBuildFile; fileRef = D0074DCA18A668E90047890F /* LAScanViewController.xib */; };
		D0074DD018A669940047890F /* LABrowserViewController.m in Sources */ = {isa = PBXBuildFile; fileRef = D0074DCE18A669940047890F /* LABrowserViewController.m */; };
		D0074DD118A669940047890F /* LABrowserViewController.xib in Resources */ = {isa = PBXBuildFile; fileRef = D0074DCF18A669940047890F /* LABrowserViewController.xib */; };
		D04DA63C18ABE0FD00CB7FF9 /* libGoogleAnalyticsServices.a in Frameworks */ = {isa = PBXBuildFile; fileRef = D04DA63B18ABE0FD00CB7FF9 /* libGoogleAnalyticsServices.a */; };
		D0543D9118A6545200BA5671 /* Foundation.framework in Frameworks */ = {isa = PBXBuildFile; fileRef = D0543D9018A6545200BA5671 /* Foundation.framework */; };
		D0543D9318A6545200BA5671 /* CoreGraphics.framework in Frameworks */ = {isa = PBXBuildFile; fileRef = D0543D9218A6545200BA5671 /* CoreGraphics.framework */; };
		D0543D9518A6545200BA5671 /* UIKit.framework in Frameworks */ = {isa = PBXBuildFile; fileRef = D0543D9418A6545200BA5671 /* UIKit.framework */; };
		D0543D9B18A6545200BA5671 /* InfoPlist.strings in Resources */ = {isa = PBXBuildFile; fileRef = D0543D9918A6545200BA5671 /* InfoPlist.strings */; };
		D0543D9D18A6545200BA5671 /* main.m in Sources */ = {isa = PBXBuildFile; fileRef = D0543D9C18A6545200BA5671 /* main.m */; };
		D0543DA118A6545200BA5671 /* LAAppDelegate.m in Sources */ = {isa = PBXBuildFile; fileRef = D0543DA018A6545200BA5671 /* LAAppDelegate.m */; };
		D0543DA318A6545200BA5671 /* Images.xcassets in Resources */ = {isa = PBXBuildFile; fileRef = D0543DA218A6545200BA5671 /* Images.xcassets */; };
		D0543DAA18A6545200BA5671 /* XCTest.framework in Frameworks */ = {isa = PBXBuildFile; fileRef = D0543DA918A6545200BA5671 /* XCTest.framework */; };
		D0543DAB18A6545200BA5671 /* Foundation.framework in Frameworks */ = {isa = PBXBuildFile; fileRef = D0543D9018A6545200BA5671 /* Foundation.framework */; };
		D0543DAC18A6545200BA5671 /* UIKit.framework in Frameworks */ = {isa = PBXBuildFile; fileRef = D0543D9418A6545200BA5671 /* UIKit.framework */; };
		D0543DB418A6545200BA5671 /* InfoPlist.strings in Resources */ = {isa = PBXBuildFile; fileRef = D0543DB218A6545200BA5671 /* InfoPlist.strings */; };
		D0543DB618A6545200BA5671 /* labeleeTests.m in Sources */ = {isa = PBXBuildFile; fileRef = D0543DB518A6545200BA5671 /* labeleeTests.m */; };
/* End PBXBuildFile section */

/* Begin PBXContainerItemProxy section */
		D0543DAD18A6545200BA5671 /* PBXContainerItemProxy */ = {
			isa = PBXContainerItemProxy;
			containerPortal = D0543D8518A6545200BA5671 /* Project object */;
			proxyType = 1;
			remoteGlobalIDString = D0543D8C18A6545200BA5671;
			remoteInfo = labelee;
		};
/* End PBXContainerItemProxy section */

/* Begin PBXFileReference section */
		08D72AFA18AA9AE0007637EA /* labelee.ttf */ = {isa = PBXFileReference; lastKnownFileType = file; path = labelee.ttf; sourceTree = "<group>"; };
		08D72B0518AB8563007637EA /* AdSupport.framework */ = {isa = PBXFileReference; lastKnownFileType = wrapper.framework; name = AdSupport.framework; path = System/Library/Frameworks/AdSupport.framework; sourceTree = SDKROOT; };
		08D72B0718AB8572007637EA /* CoreData.framework */ = {isa = PBXFileReference; lastKnownFileType = wrapper.framework; name = CoreData.framework; path = System/Library/Frameworks/CoreData.framework; sourceTree = SDKROOT; };
		08D72B0918AB8588007637EA /* SystemConfiguration.framework */ = {isa = PBXFileReference; lastKnownFileType = wrapper.framework; name = SystemConfiguration.framework; path = System/Library/Frameworks/SystemConfiguration.framework; sourceTree = SDKROOT; };
		08D72B0B18AB859D007637EA /* libz.dylib */ = {isa = PBXFileReference; lastKnownFileType = "compiled.mach-o.dylib"; name = libz.dylib; path = usr/lib/libz.dylib; sourceTree = SDKROOT; };
		2F1D97A973EC4BD9A346587E /* Pods.xcconfig */ = {isa = PBXFileReference; includeInIndex = 1; lastKnownFileType = text.xcconfig; name = Pods.xcconfig; path = Pods/Pods.xcconfig; sourceTree = "<group>"; };
		3AA4812409BE45CF8ABE7EC1 /* libPods.a */ = {isa = PBXFileReference; explicitFileType = archive.ar; includeInIndex = 0; path = libPods.a; sourceTree = BUILT_PRODUCTS_DIR; };
		D0074DC818A668E90047890F /* LAScanViewController.h */ = {isa = PBXFileReference; fileEncoding = 4; lastKnownFileType = sourcecode.c.h; path = LAScanViewController.h; sourceTree = "<group>"; };
		D0074DC918A668E90047890F /* LAScanViewController.m */ = {isa = PBXFileReference; fileEncoding = 4; lastKnownFileType = sourcecode.c.objc; path = LAScanViewController.m; sourceTree = "<group>"; };
		D0074DCA18A668E90047890F /* LAScanViewController.xib */ = {isa = PBXFileReference; fileEncoding = 4; lastKnownFileType = file.xib; path = LAScanViewController.xib; sourceTree = "<group>"; };
		D0074DCD18A669940047890F /* LABrowserViewController.h */ = {isa = PBXFileReference; fileEncoding = 4; lastKnownFileType = sourcecode.c.h; path = LABrowserViewController.h; sourceTree = "<group>"; };
		D0074DCE18A669940047890F /* LABrowserViewController.m */ = {isa = PBXFileReference; fileEncoding = 4; lastKnownFileType = sourcecode.c.objc; path = LABrowserViewController.m; sourceTree = "<group>"; };
		D0074DCF18A669940047890F /* LABrowserViewController.xib */ = {isa = PBXFileReference; fileEncoding = 4; lastKnownFileType = file.xib; path = LABrowserViewController.xib; sourceTree = "<group>"; };
		D04DA63518ABE0FD00CB7FF9 /* GAI.h */ = {isa = PBXFileReference; fileEncoding = 4; lastKnownFileType = sourcecode.c.h; path = GAI.h; sourceTree = "<group>"; };
		D04DA63618ABE0FD00CB7FF9 /* GAIDictionaryBuilder.h */ = {isa = PBXFileReference; fileEncoding = 4; lastKnownFileType = sourcecode.c.h; path = GAIDictionaryBuilder.h; sourceTree = "<group>"; };
		D04DA63718ABE0FD00CB7FF9 /* GAIFields.h */ = {isa = PBXFileReference; fileEncoding = 4; lastKnownFileType = sourcecode.c.h; path = GAIFields.h; sourceTree = "<group>"; };
		D04DA63818ABE0FD00CB7FF9 /* GAILogger.h */ = {isa = PBXFileReference; fileEncoding = 4; lastKnownFileType = sourcecode.c.h; path = GAILogger.h; sourceTree = "<group>"; };
		D04DA63918ABE0FD00CB7FF9 /* GAITrackedViewController.h */ = {isa = PBXFileReference; fileEncoding = 4; lastKnownFileType = sourcecode.c.h; path = GAITrackedViewController.h; sourceTree = "<group>"; };
		D04DA63A18ABE0FD00CB7FF9 /* GAITracker.h */ = {isa = PBXFileReference; fileEncoding = 4; lastKnownFileType = sourcecode.c.h; path = GAITracker.h; sourceTree = "<group>"; };
		D04DA63B18ABE0FD00CB7FF9 /* libGoogleAnalyticsServices.a */ = {isa = PBXFileReference; lastKnownFileType = archive.ar; path = libGoogleAnalyticsServices.a; sourceTree = "<group>"; };
		D0543D8D18A6545200BA5671 /* labelee.app */ = {isa = PBXFileReference; explicitFileType = wrapper.application; includeInIndex = 0; path = labelee.app; sourceTree = BUILT_PRODUCTS_DIR; };
		D0543D9018A6545200BA5671 /* Foundation.framework */ = {isa = PBXFileReference; lastKnownFileType = wrapper.framework; name = Foundation.framework; path = System/Library/Frameworks/Foundation.framework; sourceTree = SDKROOT; };
		D0543D9218A6545200BA5671 /* CoreGraphics.framework */ = {isa = PBXFileReference; lastKnownFileType = wrapper.framework; name = CoreGraphics.framework; path = System/Library/Frameworks/CoreGraphics.framework; sourceTree = SDKROOT; };
		D0543D9418A6545200BA5671 /* UIKit.framework */ = {isa = PBXFileReference; lastKnownFileType = wrapper.framework; name = UIKit.framework; path = System/Library/Frameworks/UIKit.framework; sourceTree = SDKROOT; };
		D0543D9818A6545200BA5671 /* labelee-Info.plist */ = {isa = PBXFileReference; lastKnownFileType = text.plist.xml; path = "labelee-Info.plist"; sourceTree = "<group>"; };
		D0543D9A18A6545200BA5671 /* en */ = {isa = PBXFileReference; lastKnownFileType = text.plist.strings; name = en; path = en.lproj/InfoPlist.strings; sourceTree = "<group>"; };
		D0543D9C18A6545200BA5671 /* main.m */ = {isa = PBXFileReference; lastKnownFileType = sourcecode.c.objc; path = main.m; sourceTree = "<group>"; };
		D0543D9E18A6545200BA5671 /* labelee-Prefix.pch */ = {isa = PBXFileReference; lastKnownFileType = sourcecode.c.h; path = "labelee-Prefix.pch"; sourceTree = "<group>"; };
		D0543D9F18A6545200BA5671 /* LAAppDelegate.h */ = {isa = PBXFileReference; lastKnownFileType = sourcecode.c.h; path = LAAppDelegate.h; sourceTree = "<group>"; };
		D0543DA018A6545200BA5671 /* LAAppDelegate.m */ = {isa = PBXFileReference; lastKnownFileType = sourcecode.c.objc; path = LAAppDelegate.m; sourceTree = "<group>"; };
		D0543DA218A6545200BA5671 /* Images.xcassets */ = {isa = PBXFileReference; lastKnownFileType = folder.assetcatalog; path = Images.xcassets; sourceTree = "<group>"; };
		D0543DA818A6545200BA5671 /* labeleeTests.xctest */ = {isa = PBXFileReference; explicitFileType = wrapper.cfbundle; includeInIndex = 0; path = labeleeTests.xctest; sourceTree = BUILT_PRODUCTS_DIR; };
		D0543DA918A6545200BA5671 /* XCTest.framework */ = {isa = PBXFileReference; lastKnownFileType = wrapper.framework; name = XCTest.framework; path = Library/Frameworks/XCTest.framework; sourceTree = DEVELOPER_DIR; };
		D0543DB118A6545200BA5671 /* labeleeTests-Info.plist */ = {isa = PBXFileReference; lastKnownFileType = text.plist.xml; path = "labeleeTests-Info.plist"; sourceTree = "<group>"; };
		D0543DB318A6545200BA5671 /* en */ = {isa = PBXFileReference; lastKnownFileType = text.plist.strings; name = en; path = en.lproj/InfoPlist.strings; sourceTree = "<group>"; };
		D0543DB518A6545200BA5671 /* labeleeTests.m */ = {isa = PBXFileReference; lastKnownFileType = sourcecode.c.objc; path = labeleeTests.m; sourceTree = "<group>"; };
/* End PBXFileReference section */

/* Begin PBXFrameworksBuildPhase section */
		D0543D8A18A6545200BA5671 /* Frameworks */ = {
			isa = PBXFrameworksBuildPhase;
			buildActionMask = 2147483647;
			files = (
				08D72B0C18AB859D007637EA /* libz.dylib in Frameworks */,
				08D72B0A18AB8588007637EA /* SystemConfiguration.framework in Frameworks */,
				D04DA63C18ABE0FD00CB7FF9 /* libGoogleAnalyticsServices.a in Frameworks */,
				08D72B0818AB8572007637EA /* CoreData.framework in Frameworks */,
				08D72B0618AB8563007637EA /* AdSupport.framework in Frameworks */,
				D0543D9318A6545200BA5671 /* CoreGraphics.framework in Frameworks */,
				D0543D9518A6545200BA5671 /* UIKit.framework in Frameworks */,
				D0543D9118A6545200BA5671 /* Foundation.framework in Frameworks */,
				96F38BD922F44FCA92DFEC8E /* libPods.a in Frameworks */,
			);
			runOnlyForDeploymentPostprocessing = 0;
		};
		D0543DA518A6545200BA5671 /* Frameworks */ = {
			isa = PBXFrameworksBuildPhase;
			buildActionMask = 2147483647;
			files = (
				D0543DAA18A6545200BA5671 /* XCTest.framework in Frameworks */,
				D0543DAC18A6545200BA5671 /* UIKit.framework in Frameworks */,
				D0543DAB18A6545200BA5671 /* Foundation.framework in Frameworks */,
			);
			runOnlyForDeploymentPostprocessing = 0;
		};
/* End PBXFrameworksBuildPhase section */

/* Begin PBXGroup section */
		08D72AFC18AB84B5007637EA /* GoogleAnalytics */ = {
			isa = PBXGroup;
			children = (
				D04DA63518ABE0FD00CB7FF9 /* GAI.h */,
				D04DA63618ABE0FD00CB7FF9 /* GAIDictionaryBuilder.h */,
				D04DA63718ABE0FD00CB7FF9 /* GAIFields.h */,
				D04DA63818ABE0FD00CB7FF9 /* GAILogger.h */,
				D04DA63918ABE0FD00CB7FF9 /* GAITrackedViewController.h */,
				D04DA63A18ABE0FD00CB7FF9 /* GAITracker.h */,
				D04DA63B18ABE0FD00CB7FF9 /* libGoogleAnalyticsServices.a */,
			);
			name = GoogleAnalytics;
			sourceTree = "<group>";
		};
		D0543D8418A6545200BA5671 = {
			isa = PBXGroup;
			children = (
				D0543D9618A6545200BA5671 /* labelee */,
				D0543DAF18A6545200BA5671 /* labeleeTests */,
				D0543D8F18A6545200BA5671 /* Frameworks */,
				D0543D8E18A6545200BA5671 /* Products */,
				2F1D97A973EC4BD9A346587E /* Pods.xcconfig */,
			);
			sourceTree = "<group>";
		};
		D0543D8E18A6545200BA5671 /* Products */ = {
			isa = PBXGroup;
			children = (
				D0543D8D18A6545200BA5671 /* labelee.app */,
				D0543DA818A6545200BA5671 /* labeleeTests.xctest */,
			);
			name = Products;
			sourceTree = "<group>";
		};
		D0543D8F18A6545200BA5671 /* Frameworks */ = {
			isa = PBXGroup;
			children = (
				08D72B0B18AB859D007637EA /* libz.dylib */,
				08D72B0918AB8588007637EA /* SystemConfiguration.framework */,
				08D72B0718AB8572007637EA /* CoreData.framework */,
				08D72B0518AB8563007637EA /* AdSupport.framework */,
				D0543D9018A6545200BA5671 /* Foundation.framework */,
				D0543D9218A6545200BA5671 /* CoreGraphics.framework */,
				D0543D9418A6545200BA5671 /* UIKit.framework */,
				D0543DA918A6545200BA5671 /* XCTest.framework */,
				3AA4812409BE45CF8ABE7EC1 /* libPods.a */,
			);
			name = Frameworks;
			sourceTree = "<group>";
		};
		D0543D9618A6545200BA5671 /* labelee */ = {
			isa = PBXGroup;
			children = (
				08D72AFC18AB84B5007637EA /* GoogleAnalytics */,
				D0543D9F18A6545200BA5671 /* LAAppDelegate.h */,
				D0543DA018A6545200BA5671 /* LAAppDelegate.m */,
				D0543DA218A6545200BA5671 /* Images.xcassets */,
				D0543D9718A6545200BA5671 /* Supporting Files */,
				D0074DC818A668E90047890F /* LAScanViewController.h */,
				D0074DC918A668E90047890F /* LAScanViewController.m */,
				D0074DCA18A668E90047890F /* LAScanViewController.xib */,
				D0074DCD18A669940047890F /* LABrowserViewController.h */,
				D0074DCE18A669940047890F /* LABrowserViewController.m */,
				D0074DCF18A669940047890F /* LABrowserViewController.xib */,
			);
			path = labelee;
			sourceTree = "<group>";
		};
		D0543D9718A6545200BA5671 /* Supporting Files */ = {
			isa = PBXGroup;
			children = (
				08D72AFA18AA9AE0007637EA /* labelee.ttf */,
				D0543D9818A6545200BA5671 /* labelee-Info.plist */,
				D0543D9918A6545200BA5671 /* InfoPlist.strings */,
				D0543D9C18A6545200BA5671 /* main.m */,
				D0543D9E18A6545200BA5671 /* labelee-Prefix.pch */,
			);
			name = "Supporting Files";
			sourceTree = "<group>";
		};
		D0543DAF18A6545200BA5671 /* labeleeTests */ = {
			isa = PBXGroup;
			children = (
				D0543DB518A6545200BA5671 /* labeleeTests.m */,
				D0543DB018A6545200BA5671 /* Supporting Files */,
			);
			path = labeleeTests;
			sourceTree = "<group>";
		};
		D0543DB018A6545200BA5671 /* Supporting Files */ = {
			isa = PBXGroup;
			children = (
				D0543DB118A6545200BA5671 /* labeleeTests-Info.plist */,
				D0543DB218A6545200BA5671 /* InfoPlist.strings */,
			);
			name = "Supporting Files";
			sourceTree = "<group>";
		};
/* End PBXGroup section */

/* Begin PBXNativeTarget section */
		D0543D8C18A6545200BA5671 /* labelee */ = {
			isa = PBXNativeTarget;
			buildConfigurationList = D0543DB918A6545200BA5671 /* Build configuration list for PBXNativeTarget "labelee" */;
			buildPhases = (
				6B3077B801004C80B0676628 /* Check Pods Manifest.lock */,
				D0543D8918A6545200BA5671 /* Sources */,
				D0543D8A18A6545200BA5671 /* Frameworks */,
				D0543D8B18A6545200BA5671 /* Resources */,
				3EE97CFC1DEE411A97D514EF /* Copy Pods Resources */,
			);
			buildRules = (
			);
			dependencies = (
			);
			name = labelee;
			productName = labelee;
			productReference = D0543D8D18A6545200BA5671 /* labelee.app */;
			productType = "com.apple.product-type.application";
		};
		D0543DA718A6545200BA5671 /* labeleeTests */ = {
			isa = PBXNativeTarget;
			buildConfigurationList = D0543DBC18A6545200BA5671 /* Build configuration list for PBXNativeTarget "labeleeTests" */;
			buildPhases = (
				D0543DA418A6545200BA5671 /* Sources */,
				D0543DA518A6545200BA5671 /* Frameworks */,
				D0543DA618A6545200BA5671 /* Resources */,
			);
			buildRules = (
			);
			dependencies = (
				D0543DAE18A6545200BA5671 /* PBXTargetDependency */,
			);
			name = labeleeTests;
			productName = labeleeTests;
			productReference = D0543DA818A6545200BA5671 /* labeleeTests.xctest */;
			productType = "com.apple.product-type.bundle.unit-test";
		};
/* End PBXNativeTarget section */

/* Begin PBXProject section */
		D0543D8518A6545200BA5671 /* Project object */ = {
			isa = PBXProject;
			attributes = {
				CLASSPREFIX = LA;
				LastUpgradeCheck = 0500;
				ORGANIZATIONNAME = Labelee;
				TargetAttributes = {
					D0543DA718A6545200BA5671 = {
						TestTargetID = D0543D8C18A6545200BA5671;
					};
				};
			};
			buildConfigurationList = D0543D8818A6545200BA5671 /* Build configuration list for PBXProject "labelee" */;
			compatibilityVersion = "Xcode 3.2";
			developmentRegion = English;
			hasScannedForEncodings = 0;
			knownRegions = (
				en,
			);
			mainGroup = D0543D8418A6545200BA5671;
			productRefGroup = D0543D8E18A6545200BA5671 /* Products */;
			projectDirPath = "";
			projectRoot = "";
			targets = (
				D0543D8C18A6545200BA5671 /* labelee */,
				D0543DA718A6545200BA5671 /* labeleeTests */,
			);
		};
/* End PBXProject section */

/* Begin PBXResourcesBuildPhase section */
		D0543D8B18A6545200BA5671 /* Resources */ = {
			isa = PBXResourcesBuildPhase;
			buildActionMask = 2147483647;
			files = (
				D0074DD118A669940047890F /* LABrowserViewController.xib in Resources */,
				D0543D9B18A6545200BA5671 /* InfoPlist.strings in Resources */,
				D0074DCC18A668EA0047890F /* LAScanViewController.xib in Resources */,
				08D72AFB18AA9AE0007637EA /* labelee.ttf in Resources */,
				D0543DA318A6545200BA5671 /* Images.xcassets in Resources */,
			);
			runOnlyForDeploymentPostprocessing = 0;
		};
		D0543DA618A6545200BA5671 /* Resources */ = {
			isa = PBXResourcesBuildPhase;
			buildActionMask = 2147483647;
			files = (
				D0543DB418A6545200BA5671 /* InfoPlist.strings in Resources */,
			);
			runOnlyForDeploymentPostprocessing = 0;
		};
/* End PBXResourcesBuildPhase section */

/* Begin PBXShellScriptBuildPhase section */
		3EE97CFC1DEE411A97D514EF /* Copy Pods Resources */ = {
			isa = PBXShellScriptBuildPhase;
			buildActionMask = 2147483647;
			files = (
			);
			inputPaths = (
			);
			name = "Copy Pods Resources";
			outputPaths = (
			);
			runOnlyForDeploymentPostprocessing = 0;
			shellPath = /bin/sh;
			shellScript = "\"${SRCROOT}/Pods/Pods-resources.sh\"\n";
			showEnvVarsInLog = 0;
		};
		6B3077B801004C80B0676628 /* Check Pods Manifest.lock */ = {
			isa = PBXShellScriptBuildPhase;
			buildActionMask = 2147483647;
			files = (
			);
			inputPaths = (
			);
			name = "Check Pods Manifest.lock";
			outputPaths = (
			);
			runOnlyForDeploymentPostprocessing = 0;
			shellPath = /bin/sh;
			shellScript = "diff \"${PODS_ROOT}/../Podfile.lock\" \"${PODS_ROOT}/Manifest.lock\" > /dev/null\nif [[ $? != 0 ]] ; then\n    cat << EOM\nerror: The sandbox is not in sync with the Podfile.lock. Run 'pod install' or update your CocoaPods installation.\nEOM\n    exit 1\nfi\n";
			showEnvVarsInLog = 0;
		};
/* End PBXShellScriptBuildPhase section */

/* Begin PBXSourcesBuildPhase section */
		D0543D8918A6545200BA5671 /* Sources */ = {
			isa = PBXSourcesBuildPhase;
			buildActionMask = 2147483647;
			files = (
				D0074DD018A669940047890F /* LABrowserViewController.m in Sources */,
				D0543D9D18A6545200BA5671 /* main.m in Sources */,
				D0074DCB18A668EA0047890F /* LAScanViewController.m in Sources */,
				D0543DA118A6545200BA5671 /* LAAppDelegate.m in Sources */,
			);
			runOnlyForDeploymentPostprocessing = 0;
		};
		D0543DA418A6545200BA5671 /* Sources */ = {
			isa = PBXSourcesBuildPhase;
			buildActionMask = 2147483647;
			files = (
				D0543DB618A6545200BA5671 /* labeleeTests.m in Sources */,
			);
			runOnlyForDeploymentPostprocessing = 0;
		};
/* End PBXSourcesBuildPhase section */

/* Begin PBXTargetDependency section */
		D0543DAE18A6545200BA5671 /* PBXTargetDependency */ = {
			isa = PBXTargetDependency;
			target = D0543D8C18A6545200BA5671 /* labelee */;
			targetProxy = D0543DAD18A6545200BA5671 /* PBXContainerItemProxy */;
		};
/* End PBXTargetDependency section */

/* Begin PBXVariantGroup section */
		D0543D9918A6545200BA5671 /* InfoPlist.strings */ = {
			isa = PBXVariantGroup;
			children = (
				D0543D9A18A6545200BA5671 /* en */,
			);
			name = InfoPlist.strings;
			sourceTree = "<group>";
		};
		D0543DB218A6545200BA5671 /* InfoPlist.strings */ = {
			isa = PBXVariantGroup;
			children = (
				D0543DB318A6545200BA5671 /* en */,
			);
			name = InfoPlist.strings;
			sourceTree = "<group>";
		};
/* End PBXVariantGroup section */

/* Begin XCBuildConfiguration section */
		D0543DB718A6545200BA5671 /* Debug */ = {
			isa = XCBuildConfiguration;
			buildSettings = {
				ALWAYS_SEARCH_USER_PATHS = NO;
				ARCHS = "$(ARCHS_STANDARD_INCLUDING_64_BIT)";
				CLANG_CXX_LANGUAGE_STANDARD = "gnu++0x";
				CLANG_CXX_LIBRARY = "libc++";
				CLANG_ENABLE_MODULES = YES;
				CLANG_ENABLE_OBJC_ARC = YES;
				CLANG_WARN_BOOL_CONVERSION = YES;
				CLANG_WARN_CONSTANT_CONVERSION = YES;
				CLANG_WARN_DIRECT_OBJC_ISA_USAGE = YES_ERROR;
				CLANG_WARN_EMPTY_BODY = YES;
				CLANG_WARN_ENUM_CONVERSION = YES;
				CLANG_WARN_INT_CONVERSION = YES;
				CLANG_WARN_OBJC_ROOT_CLASS = YES_ERROR;
				CLANG_WARN__DUPLICATE_METHOD_MATCH = YES;
				"CODE_SIGN_IDENTITY[sdk=iphoneos*]" = "iPhone Developer";
				COPY_PHASE_STRIP = NO;
				GCC_C_LANGUAGE_STANDARD = gnu99;
				GCC_DYNAMIC_NO_PIC = NO;
				GCC_OPTIMIZATION_LEVEL = 0;
				GCC_PREPROCESSOR_DEFINITIONS = (
					"DEBUG=1",
					"$(inherited)",
				);
				GCC_SYMBOLS_PRIVATE_EXTERN = NO;
				GCC_WARN_64_TO_32_BIT_CONVERSION = YES;
				GCC_WARN_ABOUT_RETURN_TYPE = YES_ERROR;
				GCC_WARN_UNDECLARED_SELECTOR = YES;
				GCC_WARN_UNINITIALIZED_AUTOS = YES;
				GCC_WARN_UNUSED_FUNCTION = YES;
				GCC_WARN_UNUSED_VARIABLE = YES;
				IPHONEOS_DEPLOYMENT_TARGET = 7.0;
				ONLY_ACTIVE_ARCH = YES;
				SDKROOT = iphoneos;
			};
			name = Debug;
		};
		D0543DB818A6545200BA5671 /* Release */ = {
			isa = XCBuildConfiguration;
			buildSettings = {
				ALWAYS_SEARCH_USER_PATHS = NO;
				ARCHS = "$(ARCHS_STANDARD_INCLUDING_64_BIT)";
				CLANG_CXX_LANGUAGE_STANDARD = "gnu++0x";
				CLANG_CXX_LIBRARY = "libc++";
				CLANG_ENABLE_MODULES = YES;
				CLANG_ENABLE_OBJC_ARC = YES;
				CLANG_WARN_BOOL_CONVERSION = YES;
				CLANG_WARN_CONSTANT_CONVERSION = YES;
				CLANG_WARN_DIRECT_OBJC_ISA_USAGE = YES_ERROR;
				CLANG_WARN_EMPTY_BODY = YES;
				CLANG_WARN_ENUM_CONVERSION = YES;
				CLANG_WARN_INT_CONVERSION = YES;
				CLANG_WARN_OBJC_ROOT_CLASS = YES_ERROR;
				CLANG_WARN__DUPLICATE_METHOD_MATCH = YES;
				"CODE_SIGN_IDENTITY[sdk=iphoneos*]" = "iPhone Developer";
				COPY_PHASE_STRIP = YES;
				ENABLE_NS_ASSERTIONS = NO;
				GCC_C_LANGUAGE_STANDARD = gnu99;
				GCC_WARN_64_TO_32_BIT_CONVERSION = YES;
				GCC_WARN_ABOUT_RETURN_TYPE = YES_ERROR;
				GCC_WARN_UNDECLARED_SELECTOR = YES;
				GCC_WARN_UNINITIALIZED_AUTOS = YES;
				GCC_WARN_UNUSED_FUNCTION = YES;
				GCC_WARN_UNUSED_VARIABLE = YES;
				IPHONEOS_DEPLOYMENT_TARGET = 7.0;
				SDKROOT = iphoneos;
				VALIDATE_PRODUCT = YES;
			};
			name = Release;
		};
		D0543DBA18A6545200BA5671 /* Debug */ = {
			isa = XCBuildConfiguration;
			baseConfigurationReference = 2F1D97A973EC4BD9A346587E /* Pods.xcconfig */;
			buildSettings = {
				ASSETCATALOG_COMPILER_APPICON_NAME = AppIcon;
				ASSETCATALOG_COMPILER_LAUNCHIMAGE_NAME = LaunchImage;
				GCC_PRECOMPILE_PREFIX_HEADER = YES;
				GCC_PREFIX_HEADER = "labelee/labelee-Prefix.pch";
				INFOPLIST_FILE = "labelee/labelee-Info.plist";
				IPHONEOS_DEPLOYMENT_TARGET = 6.0;
				LIBRARY_SEARCH_PATHS = (
					"$(inherited)",
					"/Users/michelbarbousalvador/Documents/BizeuLabs/labelee-REPO/labelee/labelee",
					"/Users/Michel/Documents/labelee-REPO/labelee/labelee",
				);
				PRODUCT_NAME = "$(TARGET_NAME)";
				PROVISIONING_PROFILE = "FE5BA92B-CE16-4E3E-A32A-CDE7C8B41127";
				WRAPPER_EXTENSION = app;
			};
			name = Debug;
		};
		D0543DBB18A6545200BA5671 /* Release */ = {
			isa = XCBuildConfiguration;
			baseConfigurationReference = 2F1D97A973EC4BD9A346587E /* Pods.xcconfig */;
			buildSettings = {
				ASSETCATALOG_COMPILER_APPICON_NAME = AppIcon;
				ASSETCATALOG_COMPILER_LAUNCHIMAGE_NAME = LaunchImage;
				GCC_PRECOMPILE_PREFIX_HEADER = YES;
				GCC_PREFIX_HEADER = "labelee/labelee-Prefix.pch";
				INFOPLIST_FILE = "labelee/labelee-Info.plist";
				IPHONEOS_DEPLOYMENT_TARGET = 6.0;
				LIBRARY_SEARCH_PATHS = (
					"$(inherited)",
					"/Users/michelbarbousalvador/Documents/BizeuLabs/labelee-REPO/labelee/labelee",
					"/Users/Michel/Documents/labelee-REPO/labelee/labelee",
				);
				PRODUCT_NAME = "$(TARGET_NAME)";
				PROVISIONING_PROFILE = "E8B71314-9C66-4D16-8489-CE44C4BE8D68";
				WRAPPER_EXTENSION = app;
			};
			name = Release;
		};
		D0543DBD18A6545200BA5671 /* Debug */ = {
			isa = XCBuildConfiguration;
			buildSettings = {
				ARCHS = "$(ARCHS_STANDARD_INCLUDING_64_BIT)";
				BUNDLE_LOADER = "$(BUILT_PRODUCTS_DIR)/labelee.app/labelee";
				FRAMEWORK_SEARCH_PATHS = (
					"$(SDKROOT)/Developer/Library/Frameworks",
					"$(inherited)",
					"$(DEVELOPER_FRAMEWORKS_DIR)",
				);
				GCC_PRECOMPILE_PREFIX_HEADER = YES;
				GCC_PREFIX_HEADER = "labelee/labelee-Prefix.pch";
				GCC_PREPROCESSOR_DEFINITIONS = (
					"DEBUG=1",
					"$(inherited)",
				);
				INFOPLIST_FILE = "labeleeTests/labeleeTests-Info.plist";
				PRODUCT_NAME = "$(TARGET_NAME)";
				TEST_HOST = "$(BUNDLE_LOADER)";
				WRAPPER_EXTENSION = xctest;
			};
			name = Debug;
		};
		D0543DBE18A6545200BA5671 /* Release */ = {
			isa = XCBuildConfiguration;
			buildSettings = {
				ARCHS = "$(ARCHS_STANDARD_INCLUDING_64_BIT)";
				BUNDLE_LOADER = "$(BUILT_PRODUCTS_DIR)/labelee.app/labelee";
				FRAMEWORK_SEARCH_PATHS = (
					"$(SDKROOT)/Developer/Library/Frameworks",
					"$(inherited)",
					"$(DEVELOPER_FRAMEWORKS_DIR)",
				);
				GCC_PRECOMPILE_PREFIX_HEADER = YES;
				GCC_PREFIX_HEADER = "labelee/labelee-Prefix.pch";
				INFOPLIST_FILE = "labeleeTests/labeleeTests-Info.plist";
				PRODUCT_NAME = "$(TARGET_NAME)";
				TEST_HOST = "$(BUNDLE_LOADER)";
				WRAPPER_EXTENSION = xctest;
			};
			name = Release;
		};
/* End XCBuildConfiguration section */

/* Begin XCConfigurationList section */
		D0543D8818A6545200BA5671 /* Build configuration list for PBXProject "labelee" */ = {
			isa = XCConfigurationList;
			buildConfigurations = (
				D0543DB718A6545200BA5671 /* Debug */,
				D0543DB818A6545200BA5671 /* Release */,
			);
			defaultConfigurationIsVisible = 0;
			defaultConfigurationName = Release;
		};
		D0543DB918A6545200BA5671 /* Build configuration list for PBXNativeTarget "labelee" */ = {
			isa = XCConfigurationList;
			buildConfigurations = (
				D0543DBA18A6545200BA5671 /* Debug */,
				D0543DBB18A6545200BA5671 /* Release */,
			);
			defaultConfigurationIsVisible = 0;
			defaultConfigurationName = Release;
		};
		D0543DBC18A6545200BA5671 /* Build configuration list for PBXNativeTarget "labeleeTests" */ = {
			isa = XCConfigurationList;
			buildConfigurations = (
				D0543DBD18A6545200BA5671 /* Debug */,
				D0543DBE18A6545200BA5671 /* Release */,
			);
			defaultConfigurationIsVisible = 0;
			defaultConfigurationName = Release;
		};
/* End XCConfigurationList section */
	};
	rootObject = D0543D8518A6545200BA5671 /* Project object */;
}
